
Microsoft Visual Studio Solution File, Format Version 12.00
# Visual Studio Version 16
VisualStudioVersion = 16.0.29926.136
MinimumVisualStudioVersion = 10.0.40219.1
Project("{FAE04EC0-301F-11D3-BF4B-00C04F79EFBC}") = "TFridBlog", "TFridBlog.csproj", "{D04B7024-DE9F-47D2-80C1-0CEC7A499A85}"
EndProject
Global
	GlobalSection(SolutionConfigurationPlatforms) = preSolution
		Debug|Any CPU = Debug|Any CPU
		Release|Any CPU = Release|Any CPU
	EndGlobalSection
	GlobalSection(ProjectConfigurationPlatforms) = postSolution
		{D04B7024-DE9F-47D2-80C1-0CEC7A499A85}.Debug|Any CPU.ActiveCfg = Debug|Any CPU
		{D04B7024-DE9F-47D2-80C1-0CEC7A499A85}.Debug|Any CPU.Build.0 = Debug|Any CPU
		{D04B7024-DE9F-47D2-80C1-0CEC7A499A85}.Release|Any CPU.ActiveCfg = Release|Any CPU
		{D04B7024-DE9F-47D2-80C1-0CEC7A499A85}.Release|Any CPU.Build.0 = Release|Any CPU
	EndGlobalSection
	GlobalSection(SolutionProperties) = preSolution
		HideSolutionNode = FALSE
	EndGlobalSection
	GlobalSection(ExtensibilityGlobals) = postSolution
		SolutionGuid = {52BEBFD5-706E-430B-810B-AC9396DEBBF6}
	EndGlobalSection
EndGlobal
